{
  "name": "node-rotate",
  "version": "0.1.0",
  "lockfileVersion": 1,
  "dependencies": {
    "debug": {
      "version": "2.6.8",
      "resolved": "http://registry.npm.souche-inc.com/debug/download/debug-2.6.8.tgz",
      "integrity": "sha1-5zFTHKLt4n0YgiJCfaF4IdaP9Pw="
    },
    "ms": {
      "version": "2.0.0",
      "resolved": "http://registry.npm.souche-inc.com/ms/download/ms-2.0.0.tgz",
      "integrity": "sha1-VgiurfwAvmwpAd9fmGF4jeDVl8g="
    }
  }
}
